{
  "name": "intake-monorepo",
  "version": "0.0.0",
  "lockfileVersion": 3,
  "requires": true,
  "packages": {
    "": {
      "name": "intake-monorepo",
      "version": "0.0.0",
      "workspaces": [
        "core",
        "vue"
      ],
      "devDependencies": {},
      "engines": {
        "node": ">=20.18"
      }
    },
    "core": {
      "name": "@intake/core",
      "version": "0.0.0",
      "devDependencies": {
        "typescript": "5.6.3"
      }
    },
    "node_modules/@intake/core": {
      "resolved": "core",
      "link": true
    },
    "node_modules/@intake/vue": {
      "resolved": "vue",
      "link": true
    },
    "node_modules/typescript": {
      "version": "5.6.3",
      "resolved": "https://registry.npmjs.org/typescript/-/typescript-5.6.3.tgz",
      "integrity": "sha512-hjcS1mhfuyi4WW8IWtjP7brDrG2cuDZukyrYrSauoXGNgx0S7zceP07adYkJycEr56BOUTNPzbInooiN3fn1qw==",
      "dev": true,
      "license": "Apache-2.0",
      "bin": {
        "tsc": "bin/tsc",
        "tsserver": "bin/tsserver"
      },
      "engines": {
        "node": ">=14.17"
      }
    },
    "vue": {
      "name": "@intake/vue",
      "version": "0.0.0"
    }
  }
}
